
Microsoft Visual Studio Solution File, Format Version 12.00
# Visual Studio 15
VisualStudioVersion = 15.0.28307.852
MinimumVisualStudioVersion = 10.0.40219.1
Project("{9A19103F-16F7-4668-BE54-9A1E7A4F7556}") = "OnsDemo", "OnsDemo.csproj", "{1654F295-4220-40AE-8718-7DD1CC6E419A}"
EndProject
Global
	GlobalSection(SolutionConfigurationPlatforms) = preSolution
		Debug|Any CPU = Debug|Any CPU
		Release|Any CPU = Release|Any CPU
	EndGlobalSection
	GlobalSection(ProjectConfigurationPlatforms) = postSolution
		{1654F295-4220-40AE-8718-7DD1CC6E419A}.Debug|Any CPU.ActiveCfg = Debug|Any CPU
		{1654F295-4220-40AE-8718-7DD1CC6E419A}.Debug|Any CPU.Build.0 = Debug|Any CPU
		{1654F295-4220-40AE-8718-7DD1CC6E419A}.Release|Any CPU.ActiveCfg = Release|Any CPU
		{1654F295-4220-40AE-8718-7DD1CC6E419A}.Release|Any CPU.Build.0 = Release|Any CPU
	EndGlobalSection
	GlobalSection(SolutionProperties) = preSolution
		HideSolutionNode = FALSE
	EndGlobalSection
	GlobalSection(ExtensibilityGlobals) = postSolution
		SolutionGuid = {620D0C4D-6365-4654-BF52-B5A9E4313921}
	EndGlobalSection
EndGlobal
