
Microsoft Visual Studio Solution File, Format Version 12.00
# Visual Studio 15
VisualStudioVersion = 15.0.28307.168
MinimumVisualStudioVersion = 10.0.40219.1
Project("{9A19103F-16F7-4668-BE54-9A1E7A4F7556}") = "OpenTap.Plugins.Ssh", "OpenTap.Plugins.Ssh\OpenTap.Plugins.Ssh.csproj", "{A73EC2C5-F822-4F05-B55D-92EB4FBC8B91}"
EndProject
Project("{FAE04EC0-301F-11D3-BF4B-00C04F79EFBC}") = "OpenTap.Plugins.Ssh.UnitTests", "OpenTap.Plugins.Ssh.UnitTests\OpenTap.Plugins.Ssh.UnitTests.csproj", "{E0FF3A1F-0B81-41CE-878E-CD2A92948DD2}"
EndProject
Global
	GlobalSection(SolutionConfigurationPlatforms) = preSolution
		Debug|Any CPU = Debug|Any CPU
		Release|Any CPU = Release|Any CPU
	EndGlobalSection
	GlobalSection(ProjectConfigurationPlatforms) = postSolution
		{A73EC2C5-F822-4F05-B55D-92EB4FBC8B91}.Debug|Any CPU.ActiveCfg = Debug|Any CPU
		{A73EC2C5-F822-4F05-B55D-92EB4FBC8B91}.Debug|Any CPU.Build.0 = Debug|Any CPU
		{A73EC2C5-F822-4F05-B55D-92EB4FBC8B91}.Release|Any CPU.ActiveCfg = Release|Any CPU
		{A73EC2C5-F822-4F05-B55D-92EB4FBC8B91}.Release|Any CPU.Build.0 = Release|Any CPU
		{E0FF3A1F-0B81-41CE-878E-CD2A92948DD2}.Debug|Any CPU.ActiveCfg = Debug|Any CPU
		{E0FF3A1F-0B81-41CE-878E-CD2A92948DD2}.Debug|Any CPU.Build.0 = Debug|Any CPU
		{E0FF3A1F-0B81-41CE-878E-CD2A92948DD2}.Release|Any CPU.ActiveCfg = Release|Any CPU
		{E0FF3A1F-0B81-41CE-878E-CD2A92948DD2}.Release|Any CPU.Build.0 = Release|Any CPU
	EndGlobalSection
	GlobalSection(SolutionProperties) = preSolution
		HideSolutionNode = FALSE
	EndGlobalSection
	GlobalSection(ExtensibilityGlobals) = postSolution
		SolutionGuid = {FA8F7841-B1EF-4588-8BA9-8755FBCA9173}
	EndGlobalSection
EndGlobal
